
Microsoft Visual Studio Solution File, Format Version 12.00
# Visual Studio Version 16
VisualStudioVersion = 16.0.32630.194
MinimumVisualStudioVersion = 10.0.40219.1
Project("{FAE04EC0-301F-11D3-BF4B-00C04F79EFBC}") = "TwentyOne_Game", "TwentyOne_Game\TwentyOne_Game.csproj", "{40C2744E-6EB5-4195-BB57-340BE361C427}"
EndProject
Project("{FAE04EC0-301F-11D3-BF4B-00C04F79EFBC}") = "Casino", "Casino\Casino.csproj", "{F6CC23B7-FFF8-4A92-8D08-8747C6CDF495}"
EndProject
Global
	GlobalSection(SolutionConfigurationPlatforms) = preSolution
		Debug|Any CPU = Debug|Any CPU
		Release|Any CPU = Release|Any CPU
	EndGlobalSection
	GlobalSection(ProjectConfigurationPlatforms) = postSolution
		{40C2744E-6EB5-4195-BB57-340BE361C427}.Debug|Any CPU.ActiveCfg = Debug|Any CPU
		{40C2744E-6EB5-4195-BB57-340BE361C427}.Debug|Any CPU.Build.0 = Debug|Any CPU
		{40C2744E-6EB5-4195-BB57-340BE361C427}.Release|Any CPU.ActiveCfg = Release|Any CPU
		{40C2744E-6EB5-4195-BB57-340BE361C427}.Release|Any CPU.Build.0 = Release|Any CPU
		{F6CC23B7-FFF8-4A92-8D08-8747C6CDF495}.Debug|Any CPU.ActiveCfg = Debug|Any CPU
		{F6CC23B7-FFF8-4A92-8D08-8747C6CDF495}.Debug|Any CPU.Build.0 = Debug|Any CPU
		{F6CC23B7-FFF8-4A92-8D08-8747C6CDF495}.Release|Any CPU.ActiveCfg = Release|Any CPU
		{F6CC23B7-FFF8-4A92-8D08-8747C6CDF495}.Release|Any CPU.Build.0 = Release|Any CPU
	EndGlobalSection
	GlobalSection(SolutionProperties) = preSolution
		HideSolutionNode = FALSE
	EndGlobalSection
	GlobalSection(ExtensibilityGlobals) = postSolution
		SolutionGuid = {DC705FB0-B9CB-4BED-AA38-7C6ADDB55671}
	EndGlobalSection
EndGlobal
