
Microsoft Visual Studio Solution File, Format Version 12.00
# Visual Studio Version 16
VisualStudioVersion = 16.0.32630.194
MinimumVisualStudioVersion = 10.0.40219.1
Project("{FAE04EC0-301F-11D3-BF4B-00C04F79EFBC}") = "Lambda_SubmissionAssignment", "Lambda_SubmissionAssignment\Lambda_SubmissionAssignment.csproj", "{8E77FB94-992C-4D8A-A55B-3959853B4F28}"
EndProject
Global
	GlobalSection(SolutionConfigurationPlatforms) = preSolution
		Debug|Any CPU = Debug|Any CPU
		Release|Any CPU = Release|Any CPU
	EndGlobalSection
	GlobalSection(ProjectConfigurationPlatforms) = postSolution
		{8E77FB94-992C-4D8A-A55B-3959853B4F28}.Debug|Any CPU.ActiveCfg = Debug|Any CPU
		{8E77FB94-992C-4D8A-A55B-3959853B4F28}.Debug|Any CPU.Build.0 = Debug|Any CPU
		{8E77FB94-992C-4D8A-A55B-3959853B4F28}.Release|Any CPU.ActiveCfg = Release|Any CPU
		{8E77FB94-992C-4D8A-A55B-3959853B4F28}.Release|Any CPU.Build.0 = Release|Any CPU
	EndGlobalSection
	GlobalSection(SolutionProperties) = preSolution
		HideSolutionNode = FALSE
	EndGlobalSection
	GlobalSection(ExtensibilityGlobals) = postSolution
		SolutionGuid = {7D0B8D59-CEFA-4045-9651-201C0A48BE67}
	EndGlobalSection
EndGlobal
