
Microsoft Visual Studio Solution File, Format Version 12.00
# Visual Studio Version 16
VisualStudioVersion = 16.0.32630.194
MinimumVisualStudioVersion = 10.0.40219.1
Project("{FAE04EC0-301F-11D3-BF4B-00C04F79EFBC}") = "MathAndComparisonOperators2", "MathAndComparisonOperators2\MathAndComparisonOperators2.csproj", "{ECDD5E47-76A3-401E-A414-50FEF8079CD2}"
EndProject
Global
	GlobalSection(SolutionConfigurationPlatforms) = preSolution
		Debug|Any CPU = Debug|Any CPU
		Release|Any CPU = Release|Any CPU
	EndGlobalSection
	GlobalSection(ProjectConfigurationPlatforms) = postSolution
		{ECDD5E47-76A3-401E-A414-50FEF8079CD2}.Debug|Any CPU.ActiveCfg = Debug|Any CPU
		{ECDD5E47-76A3-401E-A414-50FEF8079CD2}.Debug|Any CPU.Build.0 = Debug|Any CPU
		{ECDD5E47-76A3-401E-A414-50FEF8079CD2}.Release|Any CPU.ActiveCfg = Release|Any CPU
		{ECDD5E47-76A3-401E-A414-50FEF8079CD2}.Release|Any CPU.Build.0 = Release|Any CPU
	EndGlobalSection
	GlobalSection(SolutionProperties) = preSolution
		HideSolutionNode = FALSE
	EndGlobalSection
	GlobalSection(ExtensibilityGlobals) = postSolution
		SolutionGuid = {A1912526-B090-42DC-BAD5-0E52CC0E8E71}
	EndGlobalSection
EndGlobal
