
Microsoft Visual Studio Solution File, Format Version 12.00
# Visual Studio Version 16
VisualStudioVersion = 16.0.32630.194
MinimumVisualStudioVersion = 10.0.40219.1
Project("{FAE04EC0-301F-11D3-BF4B-00C04F79EFBC}") = "StringAndIntegers_Submission_Project2", "StringAndIntegers_Submission_Project2\StringAndIntegers_Submission_Project2.csproj", "{314FDD5B-805B-40AB-8A17-6B7E37937CE9}"
EndProject
Global
	GlobalSection(SolutionConfigurationPlatforms) = preSolution
		Debug|Any CPU = Debug|Any CPU
		Release|Any CPU = Release|Any CPU
	EndGlobalSection
	GlobalSection(ProjectConfigurationPlatforms) = postSolution
		{314FDD5B-805B-40AB-8A17-6B7E37937CE9}.Debug|Any CPU.ActiveCfg = Debug|Any CPU
		{314FDD5B-805B-40AB-8A17-6B7E37937CE9}.Debug|Any CPU.Build.0 = Debug|Any CPU
		{314FDD5B-805B-40AB-8A17-6B7E37937CE9}.Release|Any CPU.ActiveCfg = Release|Any CPU
		{314FDD5B-805B-40AB-8A17-6B7E37937CE9}.Release|Any CPU.Build.0 = Release|Any CPU
	EndGlobalSection
	GlobalSection(SolutionProperties) = preSolution
		HideSolutionNode = FALSE
	EndGlobalSection
	GlobalSection(ExtensibilityGlobals) = postSolution
		SolutionGuid = {0E835421-02F9-44B1-BE3E-63BD00C8E741}
	EndGlobalSection
EndGlobal
