
Microsoft Visual Studio Solution File, Format Version 12.00
# Visual Studio Version 17
VisualStudioVersion = 17.3.32819.101
MinimumVisualStudioVersion = 10.0.40219.1
Project("{FAE04EC0-301F-11D3-BF4B-00C04F79EFBC}") = "WebApplication5", "WebApplication5\WebApplication5.csproj", "{679D11B1-6396-44A7-82FE-60AE4DFA1F54}"
EndProject
Global
	GlobalSection(SolutionConfigurationPlatforms) = preSolution
		Debug|Any CPU = Debug|Any CPU
		Release|Any CPU = Release|Any CPU
	EndGlobalSection
	GlobalSection(ProjectConfigurationPlatforms) = postSolution
		{679D11B1-6396-44A7-82FE-60AE4DFA1F54}.Debug|Any CPU.ActiveCfg = Debug|Any CPU
		{679D11B1-6396-44A7-82FE-60AE4DFA1F54}.Debug|Any CPU.Build.0 = Debug|Any CPU
		{679D11B1-6396-44A7-82FE-60AE4DFA1F54}.Release|Any CPU.ActiveCfg = Release|Any CPU
		{679D11B1-6396-44A7-82FE-60AE4DFA1F54}.Release|Any CPU.Build.0 = Release|Any CPU
	EndGlobalSection
	GlobalSection(SolutionProperties) = preSolution
		HideSolutionNode = FALSE
	EndGlobalSection
	GlobalSection(ExtensibilityGlobals) = postSolution
		SolutionGuid = {5FE783BA-DADC-4159-9974-783EDE7FD478}
	EndGlobalSection
EndGlobal
